
Microsoft Visual Studio Solution File, Format Version 12.00
# Visual Studio 2013
VisualStudioVersion = 12.0.21005.1
MinimumVisualStudioVersion = 10.0.40219.1
Project("{FAE04EC0-301F-11D3-BF4B-00C04F79EFBC}") = "DataAccessLayer", "DataAccessLayer\DataAccessLayer.csproj", "{30C6790C-6A83-4AC8-AA3C-58A3BFFAD8B4}"
EndProject
Project("{FAE04EC0-301F-11D3-BF4B-00C04F79EFBC}") = "Musiq", "Musiq\Musiq.csproj", "{3FF3E194-E6FB-47FB-A6EA-82204875C0EB}"
EndProject
Project("{FAE04EC0-301F-11D3-BF4B-00C04F79EFBC}") = "taglib-sharp", "taglib-sharp-master\src\taglib-sharp.csproj", "{6B143A39-C7B2-4743-9917-92262C60E9A6}"
EndProject
Global
	GlobalSection(SolutionConfigurationPlatforms) = preSolution
		Debug|Any CPU = Debug|Any CPU
		Release|Any CPU = Release|Any CPU
	EndGlobalSection
	GlobalSection(ProjectConfigurationPlatforms) = postSolution
		{30C6790C-6A83-4AC8-AA3C-58A3BFFAD8B4}.Debug|Any CPU.ActiveCfg = Debug|Any CPU
		{30C6790C-6A83-4AC8-AA3C-58A3BFFAD8B4}.Debug|Any CPU.Build.0 = Debug|Any CPU
		{30C6790C-6A83-4AC8-AA3C-58A3BFFAD8B4}.Release|Any CPU.ActiveCfg = Release|Any CPU
		{30C6790C-6A83-4AC8-AA3C-58A3BFFAD8B4}.Release|Any CPU.Build.0 = Release|Any CPU
		{3FF3E194-E6FB-47FB-A6EA-82204875C0EB}.Debug|Any CPU.ActiveCfg = Debug|Any CPU
		{3FF3E194-E6FB-47FB-A6EA-82204875C0EB}.Debug|Any CPU.Build.0 = Debug|Any CPU
		{3FF3E194-E6FB-47FB-A6EA-82204875C0EB}.Release|Any CPU.ActiveCfg = Release|Any CPU
		{3FF3E194-E6FB-47FB-A6EA-82204875C0EB}.Release|Any CPU.Build.0 = Release|Any CPU
		{6B143A39-C7B2-4743-9917-92262C60E9A6}.Debug|Any CPU.ActiveCfg = Debug|Any CPU
		{6B143A39-C7B2-4743-9917-92262C60E9A6}.Debug|Any CPU.Build.0 = Debug|Any CPU
		{6B143A39-C7B2-4743-9917-92262C60E9A6}.Release|Any CPU.ActiveCfg = Release|Any CPU
		{6B143A39-C7B2-4743-9917-92262C60E9A6}.Release|Any CPU.Build.0 = Release|Any CPU
	EndGlobalSection
	GlobalSection(SolutionProperties) = preSolution
		HideSolutionNode = FALSE
	EndGlobalSection
EndGlobal
